
Microsoft Visual Studio Solution File, Format Version 12.00
# Visual Studio Version 17
VisualStudioVersion = 17.6.33815.320
MinimumVisualStudioVersion = 10.0.40219.1
Project("{FAE04EC0-301F-11D3-BF4B-00C04F79EFBC}") = "ApiCommons", "ApiCommons\ApiCommons.csproj", "{7C5EA355-E328-4BA7-8583-3B29279D5D2C}"
EndProject
Project("{FAE04EC0-301F-11D3-BF4B-00C04F79EFBC}") = "Playground", "Playground\Playground.csproj", "{22D3979F-13A1-4D23-913D-7D40DFCCFE66}"
EndProject
Global
	GlobalSection(SolutionConfigurationPlatforms) = preSolution
		Debug|Any CPU = Debug|Any CPU
		Release|Any CPU = Release|Any CPU
	EndGlobalSection
	GlobalSection(ProjectConfigurationPlatforms) = postSolution
		{7C5EA355-E328-4BA7-8583-3B29279D5D2C}.Debug|Any CPU.ActiveCfg = Debug|Any CPU
		{7C5EA355-E328-4BA7-8583-3B29279D5D2C}.Debug|Any CPU.Build.0 = Debug|Any CPU
		{7C5EA355-E328-4BA7-8583-3B29279D5D2C}.Release|Any CPU.ActiveCfg = Release|Any CPU
		{7C5EA355-E328-4BA7-8583-3B29279D5D2C}.Release|Any CPU.Build.0 = Release|Any CPU
		{22D3979F-13A1-4D23-913D-7D40DFCCFE66}.Debug|Any CPU.ActiveCfg = Debug|Any CPU
		{22D3979F-13A1-4D23-913D-7D40DFCCFE66}.Debug|Any CPU.Build.0 = Debug|Any CPU
		{22D3979F-13A1-4D23-913D-7D40DFCCFE66}.Release|Any CPU.ActiveCfg = Release|Any CPU
		{22D3979F-13A1-4D23-913D-7D40DFCCFE66}.Release|Any CPU.Build.0 = Release|Any CPU
	EndGlobalSection
	GlobalSection(SolutionProperties) = preSolution
		HideSolutionNode = FALSE
	EndGlobalSection
	GlobalSection(ExtensibilityGlobals) = postSolution
		SolutionGuid = {3D52F926-562C-4828-8617-B4319DD2E30C}
	EndGlobalSection
EndGlobal
